
Microsoft Visual Studio Solution File, Format Version 12.00
# Visual Studio Version 17
VisualStudioVersion = 17.0.31903.59
MinimumVisualStudioVersion = 10.0.40219.1
Project("{9A19103F-16F7-4668-BE54-9A1E7A4F7556}") = "Api.WeChip", "Api.WeChip.csproj", "{A9F50782-DA0A-4593-9098-F6E60BAEAB42}"
EndProject
Global
	GlobalSection(SolutionConfigurationPlatforms) = preSolution
		Debug|Any CPU = Debug|Any CPU
		Release|Any CPU = Release|Any CPU
	EndGlobalSection
	GlobalSection(ProjectConfigurationPlatforms) = postSolution
		{A9F50782-DA0A-4593-9098-F6E60BAEAB42}.Debug|Any CPU.ActiveCfg = Debug|Any CPU
		{A9F50782-DA0A-4593-9098-F6E60BAEAB42}.Debug|Any CPU.Build.0 = Debug|Any CPU
		{A9F50782-DA0A-4593-9098-F6E60BAEAB42}.Release|Any CPU.ActiveCfg = Release|Any CPU
		{A9F50782-DA0A-4593-9098-F6E60BAEAB42}.Release|Any CPU.Build.0 = Release|Any CPU
	EndGlobalSection
	GlobalSection(SolutionProperties) = preSolution
		HideSolutionNode = FALSE
	EndGlobalSection
	GlobalSection(ExtensibilityGlobals) = postSolution
		SolutionGuid = {6318B361-2351-45E0-B148-DB4B7211ADDC}
	EndGlobalSection
EndGlobal
